
Microsoft Visual Studio Solution File, Format Version 12.00
# Visual Studio Version 17
VisualStudioVersion = 17.2.32630.192
MinimumVisualStudioVersion = 10.0.40219.1
Project("{FAE04EC0-301F-11D3-BF4B-00C04F79EFBC}") = "BlazorAppServerDemo", "BlazorAppServerDemo\BlazorAppServerDemo.csproj", "{BA1F1925-2D5B-482E-B0AE-F41A0B1E3F7F}"
EndProject
Global
	GlobalSection(SolutionConfigurationPlatforms) = preSolution
		Debug|Any CPU = Debug|Any CPU
		Release|Any CPU = Release|Any CPU
	EndGlobalSection
	GlobalSection(ProjectConfigurationPlatforms) = postSolution
		{BA1F1925-2D5B-482E-B0AE-F41A0B1E3F7F}.Debug|Any CPU.ActiveCfg = Debug|Any CPU
		{BA1F1925-2D5B-482E-B0AE-F41A0B1E3F7F}.Debug|Any CPU.Build.0 = Debug|Any CPU
		{BA1F1925-2D5B-482E-B0AE-F41A0B1E3F7F}.Release|Any CPU.ActiveCfg = Release|Any CPU
		{BA1F1925-2D5B-482E-B0AE-F41A0B1E3F7F}.Release|Any CPU.Build.0 = Release|Any CPU
	EndGlobalSection
	GlobalSection(SolutionProperties) = preSolution
		HideSolutionNode = FALSE
	EndGlobalSection
	GlobalSection(ExtensibilityGlobals) = postSolution
		SolutionGuid = {C9AB0FFC-3451-4F82-92CE-A71E4BFF1E61}
	EndGlobalSection
EndGlobal
